
Microsoft Visual Studio Solution File, Format Version 12.00
# Visual Studio Version 16
Project("{8BC9CEB8-8B4A-11D0-8D11-00A0C91BC942}") = "ALL_BUILD", "ALL_BUILD.vcxproj", "{0DA0B7B1-9696-344A-9FFE-29E56788494D}"
	ProjectSection(ProjectDependencies) = postProject
		{3D6978A9-EC91-3398-AC0E-78B2F9CE7D05} = {3D6978A9-EC91-3398-AC0E-78B2F9CE7D05}
	EndProjectSection
EndProject
Project("{8BC9CEB8-8B4A-11D0-8D11-00A0C91BC942}") = "ZERO_CHECK", "ZERO_CHECK.vcxproj", "{3D6978A9-EC91-3398-AC0E-78B2F9CE7D05}"
	ProjectSection(ProjectDependencies) = postProject
	EndProjectSection
EndProject
Global
	GlobalSection(SolutionConfigurationPlatforms) = preSolution
		Debug|x64 = Debug|x64
		Release|x64 = Release|x64
		MinSizeRel|x64 = MinSizeRel|x64
		RelWithDebInfo|x64 = RelWithDebInfo|x64
	EndGlobalSection
	GlobalSection(ProjectConfigurationPlatforms) = postSolution
		{0DA0B7B1-9696-344A-9FFE-29E56788494D}.Debug|x64.ActiveCfg = Debug|x64
		{0DA0B7B1-9696-344A-9FFE-29E56788494D}.Release|x64.ActiveCfg = Release|x64
		{0DA0B7B1-9696-344A-9FFE-29E56788494D}.MinSizeRel|x64.ActiveCfg = MinSizeRel|x64
		{0DA0B7B1-9696-344A-9FFE-29E56788494D}.RelWithDebInfo|x64.ActiveCfg = RelWithDebInfo|x64
		{3D6978A9-EC91-3398-AC0E-78B2F9CE7D05}.Debug|x64.ActiveCfg = Debug|x64
		{3D6978A9-EC91-3398-AC0E-78B2F9CE7D05}.Debug|x64.Build.0 = Debug|x64
		{3D6978A9-EC91-3398-AC0E-78B2F9CE7D05}.Release|x64.ActiveCfg = Release|x64
		{3D6978A9-EC91-3398-AC0E-78B2F9CE7D05}.Release|x64.Build.0 = Release|x64
		{3D6978A9-EC91-3398-AC0E-78B2F9CE7D05}.MinSizeRel|x64.ActiveCfg = MinSizeRel|x64
		{3D6978A9-EC91-3398-AC0E-78B2F9CE7D05}.MinSizeRel|x64.Build.0 = MinSizeRel|x64
		{3D6978A9-EC91-3398-AC0E-78B2F9CE7D05}.RelWithDebInfo|x64.ActiveCfg = RelWithDebInfo|x64
		{3D6978A9-EC91-3398-AC0E-78B2F9CE7D05}.RelWithDebInfo|x64.Build.0 = RelWithDebInfo|x64
	EndGlobalSection
	GlobalSection(ExtensibilityGlobals) = postSolution
		SolutionGuid = {8B3FCD48-988E-352B-BA16-ABCB9C25E87B}
	EndGlobalSection
	GlobalSection(ExtensibilityAddIns) = postSolution
	EndGlobalSection
EndGlobal
