<?xml version="1.0" encoding="utf-8"?>
<Project ToolsVersion="16.0" xmlns="http://schemas.microsoft.com/developer/msbuild/2003">
  <ItemGroup>
    <CustomBuild Include="C:\Users\Umadevi\Desktop\DriverPackage\Build\CMakeFiles\54a0eb985ccd1f49d821ed21968697ae\generate.stamp.rule">
      <Filter>CMake Rules</Filter>
    </CustomBuild>
  </ItemGroup>
  <ItemGroup>
    <Filter Include="CMake Rules">
      <UniqueIdentifier>{A8870831-4DC7-3D40-BFBD-F10D773C3CE4}</UniqueIdentifier>
    </Filter>
  </ItemGroup>
</Project>
